
Microsoft Visual Studio Solution File, Format Version 12.00
# Visual Studio Version 16
VisualStudioVersion = 16.0.29318.209
MinimumVisualStudioVersion = 10.0.40219.1
Project("{FAE04EC0-301F-11D3-BF4B-00C04F79EFBC}") = "MyZone", "MyZone.csproj", "{4EA96224-93D1-4CD9-ACB3-302DC4380806}"
EndProject
Global
	GlobalSection(SolutionConfigurationPlatforms) = preSolution
		Debug|Any CPU = Debug|Any CPU
		Release|Any CPU = Release|Any CPU
	EndGlobalSection
	GlobalSection(ProjectConfigurationPlatforms) = postSolution
		{4EA96224-93D1-4CD9-ACB3-302DC4380806}.Debug|Any CPU.ActiveCfg = Debug|Any CPU
		{4EA96224-93D1-4CD9-ACB3-302DC4380806}.Debug|Any CPU.Build.0 = Debug|Any CPU
		{4EA96224-93D1-4CD9-ACB3-302DC4380806}.Release|Any CPU.ActiveCfg = Release|Any CPU
		{4EA96224-93D1-4CD9-ACB3-302DC4380806}.Release|Any CPU.Build.0 = Release|Any CPU
	EndGlobalSection
	GlobalSection(SolutionProperties) = preSolution
		HideSolutionNode = FALSE
	EndGlobalSection
	GlobalSection(ExtensibilityGlobals) = postSolution
		SolutionGuid = {EC86A4C1-1C6C-481C-A5BB-1FA66B9FEB52}
	EndGlobalSection
EndGlobal
